
Microsoft Visual Studio Solution File, Format Version 12.00
# Visual Studio 15
VisualStudioVersion = 15.0.28307.1169
MinimumVisualStudioVersion = 10.0.40219.1
Project("{FAE04EC0-301F-11D3-BF4B-00C04F79EFBC}") = "QuanLyNhanSu", "QuanLyNhanSu\QuanLyNhanSu.csproj", "{2D83E181-02AA-4D28-8879-97582736F5F4}"
EndProject
Project("{FAE04EC0-301F-11D3-BF4B-00C04F79EFBC}") = "DALL_BALL", "DALL_BALL\DALL_BALL.csproj", "{F9455403-BF37-497C-99CD-D5E4F83483CF}"
EndProject
Project("{FAE04EC0-301F-11D3-BF4B-00C04F79EFBC}") = "DTO", "DTO\DTO.csproj", "{666E8516-6A45-428F-BD12-F9B19B0ADC99}"
EndProject
Project("{FAE04EC0-301F-11D3-BF4B-00C04F79EFBC}") = "Library", "Library\Library.csproj", "{0DFEFE6E-227A-43EA-81C2-20BE1E34F448}"
EndProject
Global
	GlobalSection(SolutionConfigurationPlatforms) = preSolution
		Debug|Any CPU = Debug|Any CPU
		Debug|x86 = Debug|x86
		Release|Any CPU = Release|Any CPU
		Release|x86 = Release|x86
	EndGlobalSection
	GlobalSection(ProjectConfigurationPlatforms) = postSolution
		{2D83E181-02AA-4D28-8879-97582736F5F4}.Debug|Any CPU.ActiveCfg = Debug|Any CPU
		{2D83E181-02AA-4D28-8879-97582736F5F4}.Debug|Any CPU.Build.0 = Debug|Any CPU
		{2D83E181-02AA-4D28-8879-97582736F5F4}.Debug|x86.ActiveCfg = Debug|Any CPU
		{2D83E181-02AA-4D28-8879-97582736F5F4}.Debug|x86.Build.0 = Debug|Any CPU
		{2D83E181-02AA-4D28-8879-97582736F5F4}.Release|Any CPU.ActiveCfg = Release|Any CPU
		{2D83E181-02AA-4D28-8879-97582736F5F4}.Release|Any CPU.Build.0 = Release|Any CPU
		{2D83E181-02AA-4D28-8879-97582736F5F4}.Release|x86.ActiveCfg = Release|Any CPU
		{2D83E181-02AA-4D28-8879-97582736F5F4}.Release|x86.Build.0 = Release|Any CPU
		{F9455403-BF37-497C-99CD-D5E4F83483CF}.Debug|Any CPU.ActiveCfg = Debug|Any CPU
		{F9455403-BF37-497C-99CD-D5E4F83483CF}.Debug|Any CPU.Build.0 = Debug|Any CPU
		{F9455403-BF37-497C-99CD-D5E4F83483CF}.Debug|x86.ActiveCfg = Debug|Any CPU
		{F9455403-BF37-497C-99CD-D5E4F83483CF}.Debug|x86.Build.0 = Debug|Any CPU
		{F9455403-BF37-497C-99CD-D5E4F83483CF}.Release|Any CPU.ActiveCfg = Release|Any CPU
		{F9455403-BF37-497C-99CD-D5E4F83483CF}.Release|Any CPU.Build.0 = Release|Any CPU
		{F9455403-BF37-497C-99CD-D5E4F83483CF}.Release|x86.ActiveCfg = Release|Any CPU
		{F9455403-BF37-497C-99CD-D5E4F83483CF}.Release|x86.Build.0 = Release|Any CPU
		{666E8516-6A45-428F-BD12-F9B19B0ADC99}.Debug|Any CPU.ActiveCfg = Debug|Any CPU
		{666E8516-6A45-428F-BD12-F9B19B0ADC99}.Debug|Any CPU.Build.0 = Debug|Any CPU
		{666E8516-6A45-428F-BD12-F9B19B0ADC99}.Debug|x86.ActiveCfg = Debug|Any CPU
		{666E8516-6A45-428F-BD12-F9B19B0ADC99}.Debug|x86.Build.0 = Debug|Any CPU
		{666E8516-6A45-428F-BD12-F9B19B0ADC99}.Release|Any CPU.ActiveCfg = Release|Any CPU
		{666E8516-6A45-428F-BD12-F9B19B0ADC99}.Release|Any CPU.Build.0 = Release|Any CPU
		{666E8516-6A45-428F-BD12-F9B19B0ADC99}.Release|x86.ActiveCfg = Release|Any CPU
		{666E8516-6A45-428F-BD12-F9B19B0ADC99}.Release|x86.Build.0 = Release|Any CPU
		{0DFEFE6E-227A-43EA-81C2-20BE1E34F448}.Debug|Any CPU.ActiveCfg = Debug|Any CPU
		{0DFEFE6E-227A-43EA-81C2-20BE1E34F448}.Debug|Any CPU.Build.0 = Debug|Any CPU
		{0DFEFE6E-227A-43EA-81C2-20BE1E34F448}.Debug|x86.ActiveCfg = Debug|Any CPU
		{0DFEFE6E-227A-43EA-81C2-20BE1E34F448}.Debug|x86.Build.0 = Debug|Any CPU
		{0DFEFE6E-227A-43EA-81C2-20BE1E34F448}.Release|Any CPU.ActiveCfg = Release|Any CPU
		{0DFEFE6E-227A-43EA-81C2-20BE1E34F448}.Release|Any CPU.Build.0 = Release|Any CPU
		{0DFEFE6E-227A-43EA-81C2-20BE1E34F448}.Release|x86.ActiveCfg = Release|Any CPU
		{0DFEFE6E-227A-43EA-81C2-20BE1E34F448}.Release|x86.Build.0 = Release|Any CPU
	EndGlobalSection
	GlobalSection(SolutionProperties) = preSolution
		HideSolutionNode = FALSE
	EndGlobalSection
	GlobalSection(ExtensibilityGlobals) = postSolution
		SolutionGuid = {1176FED9-C070-440C-82E8-78A3A450BD0C}
	EndGlobalSection
EndGlobal
